{
  "pins" : [
    {
      "identity" : "async-http-client",
      "kind" : "remoteSourceControl",
      "location" : "https://github.com/swift-server/async-http-client.git",
      "state" : {
        "revision" : "864c8d9e0ead5de7ba70b61c8982f89126710863",
        "version" : "1.15.0"
      }
    },
    {
      "identity" : "hummingbird-mustache",
      "kind" : "remoteSourceControl",
      "location" : "https://github.com/hummingbird-project/hummingbird-mustache.git",
      "state" : {
        "revision" : "fa5617622333da6334252a9d7e3633129b89120d",
        "version" : "1.0.3"
      }
    },
    {
      "identity" : "jmespath.swift",
      "kind" : "remoteSourceControl",
      "location" : "https://github.com/adam-fowler/jmespath.swift.git",
      "state" : {
        "revision" : "4513d319c4aaa6c3b2ac18e1e6566a803515ad91",
        "version" : "1.0.2"
      }
    },
    {
      "identity" : "rainbow",
      "kind" : "remoteSourceControl",
      "location" : "https://github.com/onevcat/Rainbow",
      "state" : {
        "revision" : "e0dada9cd44e3fa7ec3b867e49a8ddbf543e3df3",
        "version" : "4.0.1"
      }
    },
    {
      "identity" : "scipio",
      "kind" : "remoteSourceControl",
      "location" : "https://github.com/giginet/Scipio.git",
      "state" : {
        "branch" : "support-async-cache",
        "revision" : "507207bcc50936da6efd5d03582fa1be437e75b0"
      }
    },
    {
      "identity" : "soto-codegenerator",
      "kind" : "remoteSourceControl",
      "location" : "https://github.com/soto-project/soto-codegenerator",
      "state" : {
        "revision" : "8fad5a4e1b131d00ac1d900910bd0d7b34d8e995",
        "version" : "0.7.0"
      }
    },
    {
      "identity" : "soto-core",
      "kind" : "remoteSourceControl",
      "location" : "https://github.com/soto-project/soto-core.git",
      "state" : {
        "revision" : "787be995b0cff07bd28e9aea4c8a6424ead36e71",
        "version" : "6.4.2"
      }
    },
    {
      "identity" : "soto-smithy",
      "kind" : "remoteSourceControl",
      "location" : "https://github.com/soto-project/soto-smithy.git",
      "state" : {
        "revision" : "37c1f08b6a4979873d86cc392015e1244fce7a74",
        "version" : "0.3.6"
      }
    },
    {
      "identity" : "swift-algorithms",
      "kind" : "remoteSourceControl",
      "location" : "https://github.com/apple/swift-algorithms.git",
      "state" : {
        "revision" : "b14b7f4c528c942f121c8b860b9410b2bf57825e",
        "version" : "1.0.0"
      }
    },
    {
      "identity" : "swift-argument-parser",
      "kind" : "remoteSourceControl",
      "location" : "https://github.com/apple/swift-argument-parser.git",
      "state" : {
        "revision" : "fee6933f37fde9a5e12a1e4aeaa93fe60116ff2a",
        "version" : "1.2.2"
      }
    },
    {
      "identity" : "swift-atomics",
      "kind" : "remoteSourceControl",
      "location" : "https://github.com/apple/swift-atomics.git",
      "state" : {
        "revision" : "ff3d2212b6b093db7f177d0855adbc4ef9c5f036",
        "version" : "1.0.3"
      }
    },
    {
      "identity" : "swift-collections",
      "kind" : "remoteSourceControl",
      "location" : "https://github.com/apple/swift-collections.git",
      "state" : {
        "revision" : "937e904258d22af6e447a0b72c0bc67583ef64a2",
        "version" : "1.0.4"
      }
    },
    {
      "identity" : "swift-crypto",
      "kind" : "remoteSourceControl",
      "location" : "https://github.com/apple/swift-crypto.git",
      "state" : {
        "revision" : "75ec60b8b4cc0f085c3ac414f3dca5625fa3588e",
        "version" : "2.2.4"
      }
    },
    {
      "identity" : "swift-driver",
      "kind" : "remoteSourceControl",
      "location" : "https://github.com/apple/swift-driver.git",
      "state" : {
        "branch" : "main",
        "revision" : "738a6a31c4e10cbc9f07e576bb6561fdcfcb4714"
      }
    },
    {
      "identity" : "swift-llbuild",
      "kind" : "remoteSourceControl",
      "location" : "https://github.com/apple/swift-llbuild.git",
      "state" : {
        "branch" : "main",
        "revision" : "674f81a2fc0308c1f4482ca761c012af2dde7c14"
      }
    },
    {
      "identity" : "swift-log",
      "kind" : "remoteSourceControl",
      "location" : "https://github.com/apple/swift-log.git",
      "state" : {
        "revision" : "6fe203dc33195667ce1759bf0182975e4653ba1c",
        "version" : "1.4.4"
      }
    },
    {
      "identity" : "swift-metrics",
      "kind" : "remoteSourceControl",
      "location" : "https://github.com/apple/swift-metrics.git",
      "state" : {
        "revision" : "e8bced74bc6d747745935e469f45d03f048d6cbd",
        "version" : "2.3.4"
      }
    },
    {
      "identity" : "swift-nio",
      "kind" : "remoteSourceControl",
      "location" : "https://github.com/apple/swift-nio.git",
      "state" : {
        "revision" : "45167b8006448c79dda4b7bd604e07a034c15c49",
        "version" : "2.48.0"
      }
    },
    {
      "identity" : "swift-nio-extras",
      "kind" : "remoteSourceControl",
      "location" : "https://github.com/apple/swift-nio-extras.git",
      "state" : {
        "revision" : "d75ed708d00353acf173ca23018b6bd46f949464",
        "version" : "1.17.0"
      }
    },
    {
      "identity" : "swift-nio-http2",
      "kind" : "remoteSourceControl",
      "location" : "https://github.com/apple/swift-nio-http2.git",
      "state" : {
        "revision" : "38feec96bcd929028939107684073554bf01abeb",
        "version" : "1.25.2"
      }
    },
    {
      "identity" : "swift-nio-ssl",
      "kind" : "remoteSourceControl",
      "location" : "https://github.com/apple/swift-nio-ssl.git",
      "state" : {
        "revision" : "4fb7ead803e38949eb1d6fabb849206a72c580f3",
        "version" : "2.23.0"
      }
    },
    {
      "identity" : "swift-nio-transport-services",
      "kind" : "remoteSourceControl",
      "location" : "https://github.com/apple/swift-nio-transport-services.git",
      "state" : {
        "revision" : "c0d9a144cfaec8d3d596aadde3039286a266c15c",
        "version" : "1.15.0"
      }
    },
    {
      "identity" : "swift-numerics",
      "kind" : "remoteSourceControl",
      "location" : "https://github.com/apple/swift-numerics",
      "state" : {
        "revision" : "0a5bc04095a675662cf24757cc0640aa2204253b",
        "version" : "1.0.2"
      }
    },
    {
      "identity" : "swift-package-manager",
      "kind" : "remoteSourceControl",
      "location" : "https://github.com/giginet/swift-package-manager.git",
      "state" : {
        "revision" : "11c88e87e6874a570711d18462ca0ea43ff7ff5e"
      }
    },
    {
      "identity" : "swift-system",
      "kind" : "remoteSourceControl",
      "location" : "https://github.com/apple/swift-system.git",
      "state" : {
        "revision" : "836bc4557b74fe6d2660218d56e3ce96aff76574",
        "version" : "1.1.1"
      }
    },
    {
      "identity" : "swift-tools-support-core",
      "kind" : "remoteSourceControl",
      "location" : "https://github.com/apple/swift-tools-support-core.git",
      "state" : {
        "branch" : "main",
        "revision" : "93784c59434dbca8e8a9e4b700d0d6d94551da6a"
      }
    },
    {
      "identity" : "yams",
      "kind" : "remoteSourceControl",
      "location" : "https://github.com/jpsim/Yams.git",
      "state" : {
        "revision" : "f47ba4838c30dbd59998a4e4c87ab620ff959e8a",
        "version" : "5.0.5"
      }
    }
  ],
  "version" : 2
}
